{
  "requires": true,
  "lockfileVersion": 1,
  "dependencies": {
    "eslint-config-prettier": {
      "version": "8.2.0",
      "resolved": "https://registry.npm.taobao.org/eslint-config-prettier/download/eslint-config-prettier-8.2.0.tgz?cache=0&sync_timestamp=1618328441996&other_urls=https%3A%2F%2Fregistry.npm.taobao.org%2Feslint-config-prettier%2Fdownload%2Feslint-config-prettier-8.2.0.tgz",
      "integrity": "sha1-eN531jvKjp5Z2udaYUtSmZJbt7M=",
      "dev": true
    },
    "eslint-plugin-prettier": {
      "version": "3.4.0",
      "resolved": "https://registry.npm.taobao.org/eslint-plugin-prettier/download/eslint-plugin-prettier-3.4.0.tgz?cache=0&sync_timestamp=1618448578121&other_urls=https%3A%2F%2Fregistry.npm.taobao.org%2Feslint-plugin-prettier%2Fdownload%2Feslint-plugin-prettier-3.4.0.tgz",
      "integrity": "sha1-zbrTvx29Kxd+mCVzf+Y7R2oI8Mc=",
      "requires": {
        "prettier-linter-helpers": "^1.0.0"
      }
    },
    "fast-diff": {
      "version": "1.2.0",
      "resolved": "https://registry.npm.taobao.org/fast-diff/download/fast-diff-1.2.0.tgz",
      "integrity": "sha1-c+4RmC2Gyq95WYKNUZz+kn+sXwM="
    },
    "prettier-linter-helpers": {
      "version": "1.0.0",
      "resolved": "https://registry.npm.taobao.org/prettier-linter-helpers/download/prettier-linter-helpers-1.0.0.tgz",
      "integrity": "sha1-0j1B/hN1ZG3i0BBNNFSjAIgCz3s=",
      "requires": {
        "fast-diff": "^1.1.2"
      }
    }
  }
}
